<?xml version="1.0" encoding="utf-8"?>
<Project ToolsVersion="4.0" xmlns="http://schemas.microsoft.com/developer/msbuild/2003">
  <ItemGroup>
    <ClCompile Include="src\main.cpp" />
    <ClCompile Include="src\math.cpp" />
    <ClCompile Include="src\entity.cpp" />
    <ClCompile Include="src\player.cpp" />
    <ClCompile Include="src\myvector2.cpp" />
    <ClCompile Include="src\myrectangle.cpp" />
    <ClCompile Include="src\myconvexpolygon.cpp" />
    <ClCompile Include="src\myconcavepolygon.cpp" />
    <ClCompile Include="src\world.cpp" />
    <ClCompile Include="src\myreferential2.cpp" />
    <ClCompile Include="src\enemy.cpp" />
    <ClCompile Include="src\collisiondetection.cpp" />
    <ClCompile Include="src\myrange.cpp" />
    <ClCompile Include="src\bullet.cpp" />
    <ClCompile Include="src\mycircle.cpp" />
  </ItemGroup>
  <ItemGroup>
    <ClInclude Include="include\math.hpp" />
    <ClInclude Include="include\player.hpp" />
    <ClInclude Include="include\entity.hpp" />
    <ClInclude Include="include\myrectangle.hpp" />
    <ClInclude Include="include\myvector2.hpp" />
    <ClInclude Include="include\myconvexpolygon.hpp" />
    <ClInclude Include="include\myconcavepolygon.hpp" />
    <ClInclude Include="include\myreferential2.hpp" />
    <ClInclude Include="include\bullet.hpp" />
    <ClInclude Include="include\enemy.hpp" />
    <ClInclude Include="include\mycircle.hpp" />
    <ClInclude Include="include\collisiondetection.hpp" />
    <ClInclude Include="include\myrange.hpp" />
    <ClInclude Include="include\aabb.hpp" />
  </ItemGroup>
  <ItemGroup>
    <None Include="include\world.hpp" />
  </ItemGroup>
</Project>